# THIS IS AN AUTOGENERATED FILE. DO NOT EDIT THIS FILE DIRECTLY.
# yarn lockfile v1


evergreen-color-utils@^2.6.0:
  version "2.6.0"
  resolved "https://registry.yarnpkg.com/evergreen-color-utils/-/evergreen-color-utils-2.6.0.tgz#e10d95ed5ebf1473e147399be6b8207b2e0f08dc"
  dependencies:
    evergreen-colors "^2.2.6"

evergreen-colors@^2.0.0, evergreen-colors@^2.2.6:
  version "2.2.6"
  resolved "https://registry.yarnpkg.com/evergreen-colors/-/evergreen-colors-2.2.6.tgz#229277e934eab18de8ac67d4fedf565f59502497"
